// !$*UTF8*$!
{
	archiveVersion = 1;
	classes = {
	};
	objectVersion = 77;
	objects = {

/* Begin PBXContainerItemProxy section */
		324BE95A2E25240300B8D401 /* PBXContainerItemProxy */ = {
			isa = PBXContainerItemProxy;
			containerPortal = 324BE9442E25240100B8D401 /* Project object */;
			proxyType = 1;
			remoteGlobalIDString = 324BE94B2E25240100B8D401;
			remoteInfo = RecordPath;
		};
		324BE9642E25240300B8D401 /* PBXContainerItemProxy */ = {
			isa = PBXContainerItemProxy;
			containerPortal = 324BE9442E25240100B8D401 /* Project object */;
			proxyType = 1;
			remoteGlobalIDString = 324BE94B2E25240100B8D401;
			remoteInfo = RecordPath;
		};
/* End PBXContainerItemProxy section */

/* Begin PBXCopyFilesBuildPhase section */
		32379C812E2D200C00B23FF4 /* Embed Frameworks */ = {
			isa = PBXCopyFilesBuildPhase;
			buildActionMask = 2147483647;
			dstPath = "";
			dstSubfolderSpec = 10;
			files = (
			);
			name = "Embed Frameworks";
			runOnlyForDeploymentPostprocessing = 0;
		};
/* End PBXCopyFilesBuildPhase section */

/* Begin PBXFileReference section */
		32379C7B2E2D200C00B23FF4 /* AMapFoundationKit.framework */ = {isa = PBXFileReference; lastKnownFileType = wrapper.framework; name = AMapFoundationKit.framework; path = Frameworks/AMapFoundationKit.framework; sourceTree = "<group>"; };
		32379C7C2E2D200C00B23FF4 /* AMapLocationKit.framework */ = {isa = PBXFileReference; lastKnownFileType = wrapper.framework; name = AMapLocationKit.framework; path = Frameworks/AMapLocationKit.framework; sourceTree = "<group>"; };
		324BE94C2E25240100B8D401 /* RecordPath.app */ = {isa = PBXFileReference; explicitFileType = wrapper.application; includeInIndex = 0; path = RecordPath.app; sourceTree = BUILT_PRODUCTS_DIR; };
		324BE9592E25240300B8D401 /* RecordPathTests.xctest */ = {isa = PBXFileReference; explicitFileType = wrapper.cfbundle; includeInIndex = 0; path = RecordPathTests.xctest; sourceTree = BUILT_PRODUCTS_DIR; };
		324BE9632E25240300B8D401 /* RecordPathUITests.xctest */ = {isa = PBXFileReference; explicitFileType = wrapper.cfbundle; includeInIndex = 0; path = RecordPathUITests.xctest; sourceTree = BUILT_PRODUCTS_DIR; };
/* End PBXFileReference section */

/* Begin PBXFileSystemSynchronizedRootGroup section */
		324BE94E2E25240100B8D401 /* RecordPath */ = {
			isa = PBXFileSystemSynchronizedRootGroup;
			path = RecordPath;
			sourceTree = "<group>";
		};
		324BE95C2E25240300B8D401 /* RecordPathTests */ = {
			isa = PBXFileSystemSynchronizedRootGroup;
			path = RecordPathTests;
			sourceTree = "<group>";
		};
		324BE9662E25240300B8D401 /* RecordPathUITests */ = {
			isa = PBXFileSystemSynchronizedRootGroup;
			path = RecordPathUITests;
			sourceTree = "<group>";
		};
/* End PBXFileSystemSynchronizedRootGroup section */

/* Begin PBXFrameworksBuildPhase section */
		324BE9492E25240100B8D401 /* Frameworks */ = {
			isa = PBXFrameworksBuildPhase;
			buildActionMask = 2147483647;
			files = (
			);
			runOnlyForDeploymentPostprocessing = 0;
		};
		324BE9562E25240300B8D401 /* Frameworks */ = {
			isa = PBXFrameworksBuildPhase;
			buildActionMask = 2147483647;
			files = (
			);
			runOnlyForDeploymentPostprocessing = 0;
		};
		324BE9602E25240300B8D401 /* Frameworks */ = {
			isa = PBXFrameworksBuildPhase;
			buildActionMask = 2147483647;
			files = (
			);
			runOnlyForDeploymentPostprocessing = 0;
		};
/* End PBXFrameworksBuildPhase section */

/* Begin PBXGroup section */
		32379C7A2E2D200C00B23FF4 /* Frameworks */ = {
			isa = PBXGroup;
			children = (
				32379C7B2E2D200C00B23FF4 /* AMapFoundationKit.framework */,
				32379C7C2E2D200C00B23FF4 /* AMapLocationKit.framework */,
			);
			name = Frameworks;
			sourceTree = "<group>";
		};
		324BE9432E25240100B8D401 = {
			isa = PBXGroup;
			children = (
				324BE94E2E25240100B8D401 /* RecordPath */,
				324BE95C2E25240300B8D401 /* RecordPathTests */,
				324BE9662E25240300B8D401 /* RecordPathUITests */,
				32379C7A2E2D200C00B23FF4 /* Frameworks */,
				324BE94D2E25240100B8D401 /* Products */,
			);
			sourceTree = "<group>";
		};
		324BE94D2E25240100B8D401 /* Products */ = {
			isa = PBXGroup;
			children = (
				324BE94C2E25240100B8D401 /* RecordPath.app */,
				324BE9592E25240300B8D401 /* RecordPathTests.xctest */,
				324BE9632E25240300B8D401 /* RecordPathUITests.xctest */,
			);
			name = Products;
			sourceTree = "<group>";
		};
/* End PBXGroup section */

/* Begin PBXNativeTarget section */
		324BE94B2E25240100B8D401 /* RecordPath */ = {
			isa = PBXNativeTarget;
			buildConfigurationList = 324BE96D2E25240300B8D401 /* Build configuration list for PBXNativeTarget "RecordPath" */;
			buildPhases = (
				324BE9482E25240100B8D401 /* Sources */,
				324BE9492E25240100B8D401 /* Frameworks */,
				324BE94A2E25240100B8D401 /* Resources */,
				32379C812E2D200C00B23FF4 /* Embed Frameworks */,
			);
			buildRules = (
			);
			dependencies = (
			);
			fileSystemSynchronizedGroups = (
				324BE94E2E25240100B8D401 /* RecordPath */,
			);
			name = RecordPath;
			packageProductDependencies = (
			);
			productName = RecordPath;
			productReference = 324BE94C2E25240100B8D401 /* RecordPath.app */;
			productType = "com.apple.product-type.application";
		};
		324BE9582E25240300B8D401 /* RecordPathTests */ = {
			isa = PBXNativeTarget;
			buildConfigurationList = 324BE9702E25240300B8D401 /* Build configuration list for PBXNativeTarget "RecordPathTests" */;
			buildPhases = (
				324BE9552E25240300B8D401 /* Sources */,
				324BE9562E25240300B8D401 /* Frameworks */,
				324BE9572E25240300B8D401 /* Resources */,
			);
			buildRules = (
			);
			dependencies = (
				324BE95B2E25240300B8D401 /* PBXTargetDependency */,
			);
			fileSystemSynchronizedGroups = (
				324BE95C2E25240300B8D401 /* RecordPathTests */,
			);
			name = RecordPathTests;
			packageProductDependencies = (
			);
			productName = RecordPathTests;
			productReference = 324BE9592E25240300B8D401 /* RecordPathTests.xctest */;
			productType = "com.apple.product-type.bundle.unit-test";
		};
		324BE9622E25240300B8D401 /* RecordPathUITests */ = {
			isa = PBXNativeTarget;
			buildConfigurationList = 324BE9732E25240300B8D401 /* Build configuration list for PBXNativeTarget "RecordPathUITests" */;
			buildPhases = (
				324BE95F2E25240300B8D401 /* Sources */,
				324BE9602E25240300B8D401 /* Frameworks */,
				324BE9612E25240300B8D401 /* Resources */,
			);
			buildRules = (
			);
			dependencies = (
				324BE9652E25240300B8D401 /* PBXTargetDependency */,
			);
			fileSystemSynchronizedGroups = (
				324BE9662E25240300B8D401 /* RecordPathUITests */,
			);
			name = RecordPathUITests;
			packageProductDependencies = (
			);
			productName = RecordPathUITests;
			productReference = 324BE9632E25240300B8D401 /* RecordPathUITests.xctest */;
			productType = "com.apple.product-type.bundle.ui-testing";
		};
/* End PBXNativeTarget section */

/* Begin PBXProject section */
		324BE9442E25240100B8D401 /* Project object */ = {
			isa = PBXProject;
			attributes = {
				BuildIndependentTargetsInParallel = 1;
				LastSwiftUpdateCheck = 1640;
				LastUpgradeCheck = 1640;
				TargetAttributes = {
					324BE94B2E25240100B8D401 = {
						CreatedOnToolsVersion = 16.4;
					};
					324BE9582E25240300B8D401 = {
						CreatedOnToolsVersion = 16.4;
						TestTargetID = 324BE94B2E25240100B8D401;
					};
					324BE9622E25240300B8D401 = {
						CreatedOnToolsVersion = 16.4;
						TestTargetID = 324BE94B2E25240100B8D401;
					};
				};
			};
			buildConfigurationList = 324BE9472E25240100B8D401 /* Build configuration list for PBXProject "RecordPath" */;
			developmentRegion = en;
			hasScannedForEncodings = 0;
			knownRegions = (
				en,
				Base,
			);
			mainGroup = 324BE9432E25240100B8D401;
			minimizedProjectReferenceProxies = 1;
			preferredProjectObjectVersion = 77;
			productRefGroup = 324BE94D2E25240100B8D401 /* Products */;
			projectDirPath = "";
			projectRoot = "";
			targets = (
				324BE94B2E25240100B8D401 /* RecordPath */,
				324BE9582E25240300B8D401 /* RecordPathTests */,
				324BE9622E25240300B8D401 /* RecordPathUITests */,
			);
		};
/* End PBXProject section */

/* Begin PBXResourcesBuildPhase section */
		324BE94A2E25240100B8D401 /* Resources */ = {
			isa = PBXResourcesBuildPhase;
			buildActionMask = 2147483647;
			files = (
			);
			runOnlyForDeploymentPostprocessing = 0;
		};
		324BE9572E25240300B8D401 /* Resources */ = {
			isa = PBXResourcesBuildPhase;
			buildActionMask = 2147483647;
			files = (
			);
			runOnlyForDeploymentPostprocessing = 0;
		};
		324BE9612E25240300B8D401 /* Resources */ = {
			isa = PBXResourcesBuildPhase;
			buildActionMask = 2147483647;
			files = (
			);
			runOnlyForDeploymentPostprocessing = 0;
		};
/* End PBXResourcesBuildPhase section */

/* Begin PBXSourcesBuildPhase section */
		324BE9482E25240100B8D401 /* Sources */ = {
			isa = PBXSourcesBuildPhase;
			buildActionMask = 2147483647;
			files = (
			);
			runOnlyForDeploymentPostprocessing = 0;
		};
		324BE9552E25240300B8D401 /* Sources */ = {
			isa = PBXSourcesBuildPhase;
			buildActionMask = 2147483647;
			files = (
			);
			runOnlyForDeploymentPostprocessing = 0;
		};
		324BE95F2E25240300B8D401 /* Sources */ = {
			isa = PBXSourcesBuildPhase;
			buildActionMask = 2147483647;
			files = (
			);
			runOnlyForDeploymentPostprocessing = 0;
		};
/* End PBXSourcesBuildPhase section */

/* Begin PBXTargetDependency section */
		324BE95B2E25240300B8D401 /* PBXTargetDependency */ = {
			isa = PBXTargetDependency;
			target = 324BE94B2E25240100B8D401 /* RecordPath */;
			targetProxy = 324BE95A2E25240300B8D401 /* PBXContainerItemProxy */;
		};
		324BE9652E25240300B8D401 /* PBXTargetDependency */ = {
			isa = PBXTargetDependency;
			target = 324BE94B2E25240100B8D401 /* RecordPath */;
			targetProxy = 324BE9642E25240300B8D401 /* PBXContainerItemProxy */;
		};
/* End PBXTargetDependency section */

/* Begin XCBuildConfiguration section */
		324BE96B2E25240300B8D401 /* Debug */ = {
			isa = XCBuildConfiguration;
			buildSettings = {
				ALWAYS_SEARCH_USER_PATHS = NO;
				ASSETCATALOG_COMPILER_GENERATE_SWIFT_ASSET_SYMBOL_EXTENSIONS = YES;
				CLANG_ANALYZER_NONNULL = YES;
				CLANG_ANALYZER_NUMBER_OBJECT_CONVERSION = YES_AGGRESSIVE;
				CLANG_CXX_LANGUAGE_STANDARD = "gnu++20";
				CLANG_ENABLE_MODULES = YES;
				CLANG_ENABLE_OBJC_ARC = YES;
				CLANG_ENABLE_OBJC_WEAK = YES;
				CLANG_WARN_BLOCK_CAPTURE_AUTORELEASING = YES;
				CLANG_WARN_BOOL_CONVERSION = YES;
				CLANG_WARN_COMMA = YES;
				CLANG_WARN_CONSTANT_CONVERSION = YES;
				CLANG_WARN_DEPRECATED_OBJC_IMPLEMENTATIONS = YES;
				CLANG_WARN_DIRECT_OBJC_ISA_USAGE = YES_ERROR;
				CLANG_WARN_DOCUMENTATION_COMMENTS = YES;
				CLANG_WARN_EMPTY_BODY = YES;
				CLANG_WARN_ENUM_CONVERSION = YES;
				CLANG_WARN_INFINITE_RECURSION = YES;
				CLANG_WARN_INT_CONVERSION = YES;
				CLANG_WARN_NON_LITERAL_NULL_CONVERSION = YES;
				CLANG_WARN_OBJC_IMPLICIT_RETAIN_SELF = YES;
				CLANG_WARN_OBJC_LITERAL_CONVERSION = YES;
				CLANG_WARN_OBJC_ROOT_CLASS = YES_ERROR;
				CLANG_WARN_QUOTED_INCLUDE_IN_FRAMEWORK_HEADER = YES;
				CLANG_WARN_RANGE_LOOP_ANALYSIS = YES;
				CLANG_WARN_STRICT_PROTOTYPES = YES;
				CLANG_WARN_SUSPICIOUS_MOVE = YES;
				CLANG_WARN_UNGUARDED_AVAILABILITY = YES_AGGRESSIVE;
				CLANG_WARN_UNREACHABLE_CODE = YES;
				CLANG_WARN__DUPLICATE_METHOD_MATCH = YES;
				COPY_PHASE_STRIP = NO;
				DEBUG_INFORMATION_FORMAT = dwarf;
				ENABLE_STRICT_OBJC_MSGSEND = YES;
				ENABLE_TESTABILITY = YES;
				ENABLE_USER_SCRIPT_SANDBOXING = YES;
				GCC_C_LANGUAGE_STANDARD = gnu17;
				GCC_DYNAMIC_NO_PIC = NO;
				GCC_NO_COMMON_BLOCKS = YES;
				GCC_OPTIMIZATION_LEVEL = 0;
				GCC_PREPROCESSOR_DEFINITIONS = (
					"DEBUG=1",
					"$(inherited)",
				);
				GCC_WARN_64_TO_32_BIT_CONVERSION = YES;
				GCC_WARN_ABOUT_RETURN_TYPE = YES_ERROR;
				GCC_WARN_UNDECLARED_SELECTOR = YES;
				GCC_WARN_UNINITIALIZED_AUTOS = YES_AGGRESSIVE;
				GCC_WARN_UNUSED_FUNCTION = YES;
				GCC_WARN_UNUSED_VARIABLE = YES;
				IPHONEOS_DEPLOYMENT_TARGET = 18.5;
				LOCALIZATION_PREFERS_STRING_CATALOGS = YES;
				MTL_ENABLE_DEBUG_INFO = INCLUDE_SOURCE;
				MTL_FAST_MATH = YES;
				ONLY_ACTIVE_ARCH = YES;
				SDKROOT = iphoneos;
				SWIFT_ACTIVE_COMPILATION_CONDITIONS = "DEBUG $(inherited)";
				SWIFT_OPTIMIZATION_LEVEL = "-Onone";
			};
			name = Debug;
		};
		324BE96C2E25240300B8D401 /* Release */ = {
			isa = XCBuildConfiguration;
			buildSettings = {
				ALWAYS_SEARCH_USER_PATHS = NO;
				ASSETCATALOG_COMPILER_GENERATE_SWIFT_ASSET_SYMBOL_EXTENSIONS = YES;
				CLANG_ANALYZER_NONNULL = YES;
				CLANG_ANALYZER_NUMBER_OBJECT_CONVERSION = YES_AGGRESSIVE;
				CLANG_CXX_LANGUAGE_STANDARD = "gnu++20";
				CLANG_ENABLE_MODULES = YES;
				CLANG_ENABLE_OBJC_ARC = YES;
				CLANG_ENABLE_OBJC_WEAK = YES;
				CLANG_WARN_BLOCK_CAPTURE_AUTORELEASING = YES;
				CLANG_WARN_BOOL_CONVERSION = YES;
				CLANG_WARN_COMMA = YES;
				CLANG_WARN_CONSTANT_CONVERSION = YES;
				CLANG_WARN_DEPRECATED_OBJC_IMPLEMENTATIONS = YES;
				CLANG_WARN_DIRECT_OBJC_ISA_USAGE = YES_ERROR;
				CLANG_WARN_DOCUMENTATION_COMMENTS = YES;
				CLANG_WARN_EMPTY_BODY = YES;
				CLANG_WARN_ENUM_CONVERSION = YES;
				CLANG_WARN_INFINITE_RECURSION = YES;
				CLANG_WARN_INT_CONVERSION = YES;
				CLANG_WARN_NON_LITERAL_NULL_CONVERSION = YES;
				CLANG_WARN_OBJC_IMPLICIT_RETAIN_SELF = YES;
				CLANG_WARN_OBJC_LITERAL_CONVERSION = YES;
				CLANG_WARN_OBJC_ROOT_CLASS = YES_ERROR;
				CLANG_WARN_QUOTED_INCLUDE_IN_FRAMEWORK_HEADER = YES;
				CLANG_WARN_RANGE_LOOP_ANALYSIS = YES;
				CLANG_WARN_STRICT_PROTOTYPES = YES;
				CLANG_WARN_SUSPICIOUS_MOVE = YES;
				CLANG_WARN_UNGUARDED_AVAILABILITY = YES_AGGRESSIVE;
				CLANG_WARN_UNREACHABLE_CODE = YES;
				CLANG_WARN__DUPLICATE_METHOD_MATCH = YES;
				COPY_PHASE_STRIP = NO;
				DEBUG_INFORMATION_FORMAT = "dwarf-with-dsym";
				ENABLE_NS_ASSERTIONS = NO;
				ENABLE_STRICT_OBJC_MSGSEND = YES;
				ENABLE_USER_SCRIPT_SANDBOXING = YES;
				GCC_C_LANGUAGE_STANDARD = gnu17;
				GCC_NO_COMMON_BLOCKS = YES;
				GCC_WARN_64_TO_32_BIT_CONVERSION = YES;
				GCC_WARN_ABOUT_RETURN_TYPE = YES_ERROR;
				GCC_WARN_UNDECLARED_SELECTOR = YES;
				GCC_WARN_UNINITIALIZED_AUTOS = YES_AGGRESSIVE;
				GCC_WARN_UNUSED_FUNCTION = YES;
				GCC_WARN_UNUSED_VARIABLE = YES;
				IPHONEOS_DEPLOYMENT_TARGET = 18.5;
				LOCALIZATION_PREFERS_STRING_CATALOGS = YES;
				MTL_ENABLE_DEBUG_INFO = NO;
				MTL_FAST_MATH = YES;
				SDKROOT = iphoneos;
				SWIFT_COMPILATION_MODE = wholemodule;
				VALIDATE_PRODUCT = YES;
			};
			name = Release;
		};
		324BE96E2E25240300B8D401 /* Debug */ = {
			isa = XCBuildConfiguration;
			buildSettings = {
				ASSETCATALOG_COMPILER_APPICON_NAME = AppIcon;
				ASSETCATALOG_COMPILER_GLOBAL_ACCENT_COLOR_NAME = AccentColor;
				CODE_SIGN_STYLE = Automatic;
				CURRENT_PROJECT_VERSION = 1;
				ENABLE_PREVIEWS = YES;
				FRAMEWORK_SEARCH_PATHS = (
					"$(inherited)",
					"$(PROJECT_DIR)/Frameworks",
				);
				GENERATE_INFOPLIST_FILE = YES;
				INFOPLIST_KEY_NSCameraUsageDescription = "PathTracker需要访问相机来在旅程中拍摄照片并记录位置信息。";
				INFOPLIST_KEY_NSLocationWhenInUseUsageDescription = "PathTracker需要访问您的位置信息来记录GPS轨迹和创建旅程路径。";
				INFOPLIST_KEY_NSPhotoLibraryUsageDescription = "PathTracker需要访问相册来选择照片并添加到您的旅程记录中。";
				INFOPLIST_KEY_UIApplicationSceneManifest_Generation = YES;
				INFOPLIST_KEY_UIApplicationSupportsIndirectInputEvents = YES;
				INFOPLIST_KEY_UILaunchScreen_Generation = YES;
				INFOPLIST_KEY_UISupportedInterfaceOrientations_iPad = "UIInterfaceOrientationPortrait UIInterfaceOrientationPortraitUpsideDown UIInterfaceOrientationLandscapeLeft UIInterfaceOrientationLandscapeRight";
				INFOPLIST_KEY_UISupportedInterfaceOrientations_iPhone = "UIInterfaceOrientationPortrait UIInterfaceOrientationLandscapeLeft UIInterfaceOrientationLandscapeRight";
				LD_RUNPATH_SEARCH_PATHS = (
					"$(inherited)",
					"@executable_path/Frameworks",
				);
				MARKETING_VERSION = 1.0;
				OTHER_LDFLAGS = "-ObjC";
				PRODUCT_BUNDLE_IDENTIFIER = RecordPath.RecordPath;
				PRODUCT_NAME = "$(TARGET_NAME)";
				SWIFT_EMIT_LOC_STRINGS = YES;
				SWIFT_VERSION = 5.0;
				TARGETED_DEVICE_FAMILY = "1,2";
			};
			name = Debug;
		};
		324BE96F2E25240300B8D401 /* Release */ = {
			isa = XCBuildConfiguration;
			buildSettings = {
				ASSETCATALOG_COMPILER_APPICON_NAME = AppIcon;
				ASSETCATALOG_COMPILER_GLOBAL_ACCENT_COLOR_NAME = AccentColor;
				CODE_SIGN_STYLE = Automatic;
				CURRENT_PROJECT_VERSION = 1;
				ENABLE_PREVIEWS = YES;
				FRAMEWORK_SEARCH_PATHS = (
					"$(inherited)",
					"$(PROJECT_DIR)/Frameworks",
				);
				GENERATE_INFOPLIST_FILE = YES;
				INFOPLIST_KEY_NSCameraUsageDescription = "PathTracker需要访问相机来在旅程中拍摄照片并记录位置信息。";
				INFOPLIST_KEY_NSLocationWhenInUseUsageDescription = "PathTracker需要访问您的位置信息来记录GPS轨迹和创建旅程路径。";
				INFOPLIST_KEY_NSPhotoLibraryUsageDescription = "PathTracker需要访问相册来选择照片并添加到您的旅程记录中。";
				INFOPLIST_KEY_UIApplicationSceneManifest_Generation = YES;
				INFOPLIST_KEY_UIApplicationSupportsIndirectInputEvents = YES;
				INFOPLIST_KEY_UILaunchScreen_Generation = YES;
				INFOPLIST_KEY_UISupportedInterfaceOrientations_iPad = "UIInterfaceOrientationPortrait UIInterfaceOrientationPortraitUpsideDown UIInterfaceOrientationLandscapeLeft UIInterfaceOrientationLandscapeRight";
				INFOPLIST_KEY_UISupportedInterfaceOrientations_iPhone = "UIInterfaceOrientationPortrait UIInterfaceOrientationLandscapeLeft UIInterfaceOrientationLandscapeRight";
				LD_RUNPATH_SEARCH_PATHS = (
					"$(inherited)",
					"@executable_path/Frameworks",
				);
				MARKETING_VERSION = 1.0;
				OTHER_LDFLAGS = "-ObjC";
				PRODUCT_BUNDLE_IDENTIFIER = RecordPath.RecordPath;
				PRODUCT_NAME = "$(TARGET_NAME)";
				SWIFT_EMIT_LOC_STRINGS = YES;
				SWIFT_VERSION = 5.0;
				TARGETED_DEVICE_FAMILY = "1,2";
			};
			name = Release;
		};
		324BE9712E25240300B8D401 /* Debug */ = {
			isa = XCBuildConfiguration;
			buildSettings = {
				BUNDLE_LOADER = "$(TEST_HOST)";
				CODE_SIGN_STYLE = Automatic;
				CURRENT_PROJECT_VERSION = 1;
				GENERATE_INFOPLIST_FILE = YES;
				IPHONEOS_DEPLOYMENT_TARGET = 18.5;
				MARKETING_VERSION = 1.0;
				PRODUCT_BUNDLE_IDENTIFIER = RecordPath.RecordPathTests;
				PRODUCT_NAME = "$(TARGET_NAME)";
				SWIFT_EMIT_LOC_STRINGS = NO;
				SWIFT_VERSION = 5.0;
				TARGETED_DEVICE_FAMILY = "1,2";
				TEST_HOST = "$(BUILT_PRODUCTS_DIR)/RecordPath.app/$(BUNDLE_EXECUTABLE_FOLDER_PATH)/RecordPath";
			};
			name = Debug;
		};
		324BE9722E25240300B8D401 /* Release */ = {
			isa = XCBuildConfiguration;
			buildSettings = {
				BUNDLE_LOADER = "$(TEST_HOST)";
				CODE_SIGN_STYLE = Automatic;
				CURRENT_PROJECT_VERSION = 1;
				GENERATE_INFOPLIST_FILE = YES;
				IPHONEOS_DEPLOYMENT_TARGET = 18.5;
				MARKETING_VERSION = 1.0;
				PRODUCT_BUNDLE_IDENTIFIER = RecordPath.RecordPathTests;
				PRODUCT_NAME = "$(TARGET_NAME)";
				SWIFT_EMIT_LOC_STRINGS = NO;
				SWIFT_VERSION = 5.0;
				TARGETED_DEVICE_FAMILY = "1,2";
				TEST_HOST = "$(BUILT_PRODUCTS_DIR)/RecordPath.app/$(BUNDLE_EXECUTABLE_FOLDER_PATH)/RecordPath";
			};
			name = Release;
		};
		324BE9742E25240300B8D401 /* Debug */ = {
			isa = XCBuildConfiguration;
			buildSettings = {
				CODE_SIGN_STYLE = Automatic;
				CURRENT_PROJECT_VERSION = 1;
				GENERATE_INFOPLIST_FILE = YES;
				MARKETING_VERSION = 1.0;
				PRODUCT_BUNDLE_IDENTIFIER = RecordPath.RecordPathUITests;
				PRODUCT_NAME = "$(TARGET_NAME)";
				SWIFT_EMIT_LOC_STRINGS = NO;
				SWIFT_VERSION = 5.0;
				TARGETED_DEVICE_FAMILY = "1,2";
				TEST_TARGET_NAME = RecordPath;
			};
			name = Debug;
		};
		324BE9752E25240300B8D401 /* Release */ = {
			isa = XCBuildConfiguration;
			buildSettings = {
				CODE_SIGN_STYLE = Automatic;
				CURRENT_PROJECT_VERSION = 1;
				GENERATE_INFOPLIST_FILE = YES;
				MARKETING_VERSION = 1.0;
				PRODUCT_BUNDLE_IDENTIFIER = RecordPath.RecordPathUITests;
				PRODUCT_NAME = "$(TARGET_NAME)";
				SWIFT_EMIT_LOC_STRINGS = NO;
				SWIFT_VERSION = 5.0;
				TARGETED_DEVICE_FAMILY = "1,2";
				TEST_TARGET_NAME = RecordPath;
			};
			name = Release;
		};
/* End XCBuildConfiguration section */

/* Begin XCConfigurationList section */
		324BE9472E25240100B8D401 /* Build configuration list for PBXProject "RecordPath" */ = {
			isa = XCConfigurationList;
			buildConfigurations = (
				324BE96B2E25240300B8D401 /* Debug */,
				324BE96C2E25240300B8D401 /* Release */,
			);
			defaultConfigurationIsVisible = 0;
			defaultConfigurationName = Release;
		};
		324BE96D2E25240300B8D401 /* Build configuration list for PBXNativeTarget "RecordPath" */ = {
			isa = XCConfigurationList;
			buildConfigurations = (
				324BE96E2E25240300B8D401 /* Debug */,
				324BE96F2E25240300B8D401 /* Release */,
			);
			defaultConfigurationIsVisible = 0;
			defaultConfigurationName = Release;
		};
		324BE9702E25240300B8D401 /* Build configuration list for PBXNativeTarget "RecordPathTests" */ = {
			isa = XCConfigurationList;
			buildConfigurations = (
				324BE9712E25240300B8D401 /* Debug */,
				324BE9722E25240300B8D401 /* Release */,
			);
			defaultConfigurationIsVisible = 0;
			defaultConfigurationName = Release;
		};
		324BE9732E25240300B8D401 /* Build configuration list for PBXNativeTarget "RecordPathUITests" */ = {
			isa = XCConfigurationList;
			buildConfigurations = (
				324BE9742E25240300B8D401 /* Debug */,
				324BE9752E25240300B8D401 /* Release */,
			);
			defaultConfigurationIsVisible = 0;
			defaultConfigurationName = Release;
		};
/* End XCConfigurationList section */
	};
	rootObject = 324BE9442E25240100B8D401 /* Project object */;
}
